
Microsoft Visual Studio Solution File, Format Version 12.00
# Visual Studio Version 16
VisualStudioVersion = 16.0.30503.244
MinimumVisualStudioVersion = 10.0.40219.1
Project("{9A19103F-16F7-4668-BE54-9A1E7A4F7556}") = "01. Sort Numbers", "01. Sort Numbers\01. Sort Numbers.csproj", "{57889034-88DC-4685-8D01-9DD94A0FF84A}"
EndProject
Project("{FAE04EC0-301F-11D3-BF4B-00C04F79EFBC}") = "02. English Name of the Last Digit", "02. English Name of the Last Digit\02. English Name of the Last Digit.csproj", "{1456BBA1-0692-46DC-8620-9F03ABE8E276}"
EndProject
Project("{FAE04EC0-301F-11D3-BF4B-00C04F79EFBC}") = "03. Gaming Store", "03. Gaming Store\03. Gaming Store.csproj", "{44BC3645-6F4D-4A43-A976-6C6497250A8F}"
EndProject
Project("{FAE04EC0-301F-11D3-BF4B-00C04F79EFBC}") = "04. Reverse String", "04. Reverse String\04. Reverse String.csproj", "{B1D8352E-E0ED-433D-9000-39AA467E80A2}"
EndProject
Project("{FAE04EC0-301F-11D3-BF4B-00C04F79EFBC}") = "05. Messages", "05. Messages\05. Messages.csproj", "{D8796E76-A165-43A2-BAC2-F2DFC8CE12F5}"
EndProject
Global
	GlobalSection(SolutionConfigurationPlatforms) = preSolution
		Debug|Any CPU = Debug|Any CPU
		Release|Any CPU = Release|Any CPU
	EndGlobalSection
	GlobalSection(ProjectConfigurationPlatforms) = postSolution
		{57889034-88DC-4685-8D01-9DD94A0FF84A}.Debug|Any CPU.ActiveCfg = Debug|Any CPU
		{57889034-88DC-4685-8D01-9DD94A0FF84A}.Debug|Any CPU.Build.0 = Debug|Any CPU
		{57889034-88DC-4685-8D01-9DD94A0FF84A}.Release|Any CPU.ActiveCfg = Release|Any CPU
		{57889034-88DC-4685-8D01-9DD94A0FF84A}.Release|Any CPU.Build.0 = Release|Any CPU
		{1456BBA1-0692-46DC-8620-9F03ABE8E276}.Debug|Any CPU.ActiveCfg = Debug|Any CPU
		{1456BBA1-0692-46DC-8620-9F03ABE8E276}.Debug|Any CPU.Build.0 = Debug|Any CPU
		{1456BBA1-0692-46DC-8620-9F03ABE8E276}.Release|Any CPU.ActiveCfg = Release|Any CPU
		{1456BBA1-0692-46DC-8620-9F03ABE8E276}.Release|Any CPU.Build.0 = Release|Any CPU
		{44BC3645-6F4D-4A43-A976-6C6497250A8F}.Debug|Any CPU.ActiveCfg = Debug|Any CPU
		{44BC3645-6F4D-4A43-A976-6C6497250A8F}.Debug|Any CPU.Build.0 = Debug|Any CPU
		{44BC3645-6F4D-4A43-A976-6C6497250A8F}.Release|Any CPU.ActiveCfg = Release|Any CPU
		{44BC3645-6F4D-4A43-A976-6C6497250A8F}.Release|Any CPU.Build.0 = Release|Any CPU
		{B1D8352E-E0ED-433D-9000-39AA467E80A2}.Debug|Any CPU.ActiveCfg = Debug|Any CPU
		{B1D8352E-E0ED-433D-9000-39AA467E80A2}.Debug|Any CPU.Build.0 = Debug|Any CPU
		{B1D8352E-E0ED-433D-9000-39AA467E80A2}.Release|Any CPU.ActiveCfg = Release|Any CPU
		{B1D8352E-E0ED-433D-9000-39AA467E80A2}.Release|Any CPU.Build.0 = Release|Any CPU
		{D8796E76-A165-43A2-BAC2-F2DFC8CE12F5}.Debug|Any CPU.ActiveCfg = Debug|Any CPU
		{D8796E76-A165-43A2-BAC2-F2DFC8CE12F5}.Debug|Any CPU.Build.0 = Debug|Any CPU
		{D8796E76-A165-43A2-BAC2-F2DFC8CE12F5}.Release|Any CPU.ActiveCfg = Release|Any CPU
		{D8796E76-A165-43A2-BAC2-F2DFC8CE12F5}.Release|Any CPU.Build.0 = Release|Any CPU
	EndGlobalSection
	GlobalSection(SolutionProperties) = preSolution
		HideSolutionNode = FALSE
	EndGlobalSection
	GlobalSection(ExtensibilityGlobals) = postSolution
		SolutionGuid = {BDE55720-5301-430E-9829-0A7054D591B6}
	EndGlobalSection
EndGlobal
